{
  "name": "generate",
  "lockfileVersion": 2,
  "requires": true,
  "packages": {
    "": {
      "dependencies": {
        "swish-qr": "^2.0.0"
      }
    },
    "node_modules/datauri": {
      "version": "1.1.0",
      "resolved": "https://registry.npmjs.org/datauri/-/datauri-1.1.0.tgz",
      "integrity": "sha512-0q+cTTKx7q8eDteZRIQLTFJuiIsVing17UbWTPssY4JLSMaYsk/VKpNulBDo9NSgQWcvlPrkEHW8kUO67T/7mQ==",
      "deprecated": "Datauri 2.0 released. See more in https://github.com/data-uri/datauri/releases/tag/v2.0.0",
      "dependencies": {
        "image-size": "^0.6.2",
        "mimer": "^0.3.2",
        "semver": "^5.5.0"
      },
      "engines": {
        "node": ">= 0.10"
      }
    },
    "node_modules/get-stream": {
      "version": "3.0.0",
      "resolved": "https://registry.npmjs.org/get-stream/-/get-stream-3.0.0.tgz",
      "integrity": "sha1-jpQ9E1jcN1VQVOy+LtsFqhdO3hQ=",
      "engines": {
        "node": ">=4"
      }
    },
    "node_modules/image-size": {
      "version": "0.6.3",
      "resolved": "https://registry.npmjs.org/image-size/-/image-size-0.6.3.tgz",
      "integrity": "sha512-47xSUiQioGaB96nqtp5/q55m0aBQSQdyIloMOc/x+QVTDZLNmXE892IIDrJ0hM1A5vcNUDD5tDffkSP5lCaIIA==",
      "bin": {
        "image-size": "bin/image-size.js"
      },
      "engines": {
        "node": ">=4.0"
      }
    },
    "node_modules/mimer": {
      "version": "0.3.2",
      "resolved": "https://registry.npmjs.org/mimer/-/mimer-0.3.2.tgz",
      "integrity": "sha512-N6NcgDQAevhP/02DQ/epK6daLy4NKrIHyTlJcO6qBiYn98q+Y4a/knNsAATCe1xLS2F0nEmJp+QYli2s8vKwyQ==",
      "deprecated": "Mimer 1.0 released. See more in https://github.com/data-uri/mimer/releases/tag/v1.0.0",
      "bin": {
        "mimer": "bin/mimer"
      },
      "engines": {
        "node": ">= 0.8"
      }
    },
    "node_modules/qr-image": {
      "version": "3.2.0",
      "resolved": "https://registry.npmjs.org/qr-image/-/qr-image-3.2.0.tgz",
      "integrity": "sha1-n6gpW+rlDEoUnPn5CaHbRkqGcug="
    },
    "node_modules/semver": {
      "version": "5.7.1",
      "resolved": "https://registry.npmjs.org/semver/-/semver-5.7.1.tgz",
      "integrity": "sha512-sauaDf/PZdVgrLTNYHRtpXa1iRiKcaebiKQ1BJdpQlWH2lCvexQdX55snPFyK7QzpudqbCI0qXFfOasHdyNDGQ==",
      "bin": {
        "semver": "bin/semver"
      }
    },
    "node_modules/swish-qr": {
      "version": "2.0.0",
      "resolved": "https://registry.npmjs.org/swish-qr/-/swish-qr-2.0.0.tgz",
      "integrity": "sha512-YyaC+mbUAIxtsOnz7NmYLJqDB/UyhoEQwRTXYowgumySh51zyfyhswR5EQpES+UCTonsQwdAigahlObkq9OoKA==",
      "dependencies": {
        "datauri": "^1.0.5",
        "get-stream": "^3.0.0",
        "qr-image": "^3.2.0"
      },
      "engines": {
        "node": ">=4"
      }
    }
  },
  "dependencies": {
    "datauri": {
      "version": "1.1.0",
      "resolved": "https://registry.npmjs.org/datauri/-/datauri-1.1.0.tgz",
      "integrity": "sha512-0q+cTTKx7q8eDteZRIQLTFJuiIsVing17UbWTPssY4JLSMaYsk/VKpNulBDo9NSgQWcvlPrkEHW8kUO67T/7mQ==",
      "requires": {
        "image-size": "^0.6.2",
        "mimer": "^0.3.2",
        "semver": "^5.5.0"
      }
    },
    "get-stream": {
      "version": "3.0.0",
      "resolved": "https://registry.npmjs.org/get-stream/-/get-stream-3.0.0.tgz",
      "integrity": "sha1-jpQ9E1jcN1VQVOy+LtsFqhdO3hQ="
    },
    "image-size": {
      "version": "0.6.3",
      "resolved": "https://registry.npmjs.org/image-size/-/image-size-0.6.3.tgz",
      "integrity": "sha512-47xSUiQioGaB96nqtp5/q55m0aBQSQdyIloMOc/x+QVTDZLNmXE892IIDrJ0hM1A5vcNUDD5tDffkSP5lCaIIA=="
    },
    "mimer": {
      "version": "0.3.2",
      "resolved": "https://registry.npmjs.org/mimer/-/mimer-0.3.2.tgz",
      "integrity": "sha512-N6NcgDQAevhP/02DQ/epK6daLy4NKrIHyTlJcO6qBiYn98q+Y4a/knNsAATCe1xLS2F0nEmJp+QYli2s8vKwyQ=="
    },
    "qr-image": {
      "version": "3.2.0",
      "resolved": "https://registry.npmjs.org/qr-image/-/qr-image-3.2.0.tgz",
      "integrity": "sha1-n6gpW+rlDEoUnPn5CaHbRkqGcug="
    },
    "semver": {
      "version": "5.7.1",
      "resolved": "https://registry.npmjs.org/semver/-/semver-5.7.1.tgz",
      "integrity": "sha512-sauaDf/PZdVgrLTNYHRtpXa1iRiKcaebiKQ1BJdpQlWH2lCvexQdX55snPFyK7QzpudqbCI0qXFfOasHdyNDGQ=="
    },
    "swish-qr": {
      "version": "2.0.0",
      "resolved": "https://registry.npmjs.org/swish-qr/-/swish-qr-2.0.0.tgz",
      "integrity": "sha512-YyaC+mbUAIxtsOnz7NmYLJqDB/UyhoEQwRTXYowgumySh51zyfyhswR5EQpES+UCTonsQwdAigahlObkq9OoKA==",
      "requires": {
        "datauri": "^1.0.5",
        "get-stream": "^3.0.0",
        "qr-image": "^3.2.0"
      }
    }
  }
}
